
Microsoft Visual Studio Solution File, Format Version 12.00
# Visual Studio Version 17
VisualStudioVersion = 17.8.34322.80
MinimumVisualStudioVersion = 10.0.40219.1
Project("{FAE04EC0-301F-11D3-BF4B-00C04F79EFBC}") = "Server", "Server\Server.csproj", "{7E0CF313-44E2-4B66-BD30-51737AC7B680}"
EndProject
Project("{FAE04EC0-301F-11D3-BF4B-00C04F79EFBC}") = "WPF_Client", "WPF_Client\WPF_Client.csproj", "{181906C0-BDE6-49D5-917D-163EC0E378F6}"
EndProject
Global
	GlobalSection(SolutionConfigurationPlatforms) = preSolution
		Debug|Any CPU = Debug|Any CPU
		Release|Any CPU = Release|Any CPU
	EndGlobalSection
	GlobalSection(ProjectConfigurationPlatforms) = postSolution
		{7E0CF313-44E2-4B66-BD30-51737AC7B680}.Debug|Any CPU.ActiveCfg = Debug|Any CPU
		{7E0CF313-44E2-4B66-BD30-51737AC7B680}.Debug|Any CPU.Build.0 = Debug|Any CPU
		{7E0CF313-44E2-4B66-BD30-51737AC7B680}.Release|Any CPU.ActiveCfg = Release|Any CPU
		{7E0CF313-44E2-4B66-BD30-51737AC7B680}.Release|Any CPU.Build.0 = Release|Any CPU
		{181906C0-BDE6-49D5-917D-163EC0E378F6}.Debug|Any CPU.ActiveCfg = Debug|Any CPU
		{181906C0-BDE6-49D5-917D-163EC0E378F6}.Debug|Any CPU.Build.0 = Debug|Any CPU
		{181906C0-BDE6-49D5-917D-163EC0E378F6}.Release|Any CPU.ActiveCfg = Release|Any CPU
		{181906C0-BDE6-49D5-917D-163EC0E378F6}.Release|Any CPU.Build.0 = Release|Any CPU
	EndGlobalSection
	GlobalSection(SolutionProperties) = preSolution
		HideSolutionNode = FALSE
	EndGlobalSection
	GlobalSection(ExtensibilityGlobals) = postSolution
		SolutionGuid = {38FEFDB3-6456-4DA5-8583-E7F2A188EC07}
	EndGlobalSection
EndGlobal
